
Microsoft Visual Studio Solution File, Format Version 12.00
# Visual Studio Version 16
VisualStudioVersion = 16.0.32002.261
MinimumVisualStudioVersion = 10.0.40219.1
Project("{FAE04EC0-301F-11D3-BF4B-00C04F79EFBC}") = "BohdanRybanchuk", "BohdanRybanchuk\BohdanRybanchuk.csproj", "{921238AA-BCD5-4DA5-B5D9-1C215524D735}"
EndProject
Global
	GlobalSection(SolutionConfigurationPlatforms) = preSolution
		Debug|Any CPU = Debug|Any CPU
		Release|Any CPU = Release|Any CPU
	EndGlobalSection
	GlobalSection(ProjectConfigurationPlatforms) = postSolution
		{921238AA-BCD5-4DA5-B5D9-1C215524D735}.Debug|Any CPU.ActiveCfg = Debug|Any CPU
		{921238AA-BCD5-4DA5-B5D9-1C215524D735}.Debug|Any CPU.Build.0 = Debug|Any CPU
		{921238AA-BCD5-4DA5-B5D9-1C215524D735}.Release|Any CPU.ActiveCfg = Release|Any CPU
		{921238AA-BCD5-4DA5-B5D9-1C215524D735}.Release|Any CPU.Build.0 = Release|Any CPU
	EndGlobalSection
	GlobalSection(SolutionProperties) = preSolution
		HideSolutionNode = FALSE
	EndGlobalSection
	GlobalSection(ExtensibilityGlobals) = postSolution
		SolutionGuid = {DF8FF3BE-2E63-4335-9603-E997AAD7A49D}
	EndGlobalSection
EndGlobal
